
Microsoft Visual Studio Solution File, Format Version 12.00
# Visual Studio Version 17
VisualStudioVersion = 17.3.32901.215
MinimumVisualStudioVersion = 10.0.40219.1
Project("{FAE04EC0-301F-11D3-BF4B-00C04F79EFBC}") = "DMTASWebsite", "DMTASWebsite\DMTASWebsite.csproj", "{EFEDFA12-508D-4BB5-AB87-1FC9B133666C}"
EndProject
Global
	GlobalSection(SolutionConfigurationPlatforms) = preSolution
		Debug|Any CPU = Debug|Any CPU
		Release|Any CPU = Release|Any CPU
	EndGlobalSection
	GlobalSection(ProjectConfigurationPlatforms) = postSolution
		{EFEDFA12-508D-4BB5-AB87-1FC9B133666C}.Debug|Any CPU.ActiveCfg = Debug|Any CPU
		{EFEDFA12-508D-4BB5-AB87-1FC9B133666C}.Debug|Any CPU.Build.0 = Debug|Any CPU
		{EFEDFA12-508D-4BB5-AB87-1FC9B133666C}.Release|Any CPU.ActiveCfg = Release|Any CPU
		{EFEDFA12-508D-4BB5-AB87-1FC9B133666C}.Release|Any CPU.Build.0 = Release|Any CPU
	EndGlobalSection
	GlobalSection(SolutionProperties) = preSolution
		HideSolutionNode = FALSE
	EndGlobalSection
	GlobalSection(ExtensibilityGlobals) = postSolution
		SolutionGuid = {136EA5D3-131C-4C95-B6C5-E580ACA81DA1}
	EndGlobalSection
EndGlobal
